
Microsoft Visual Studio Solution File, Format Version 12.00
# Visual Studio Version 17
VisualStudioVersion = 17.10.34902.84
MinimumVisualStudioVersion = 10.0.40219.1
Project("{FAE04EC0-301F-11D3-BF4B-00C04F79EFBC}") = "DapperMvcDemo.UI", "DapperMvcDemo.UI\DapperMvcDemo.UI.csproj", "{38655D5C-C855-4388-8FA8-6D42CD897CFA}"
EndProject
Project("{FAE04EC0-301F-11D3-BF4B-00C04F79EFBC}") = "DapperMvcDemo.Data", "DapperMvcDemo.Data\DapperMvcDemo.Data.csproj", "{9CC06AC0-A629-46F8-A135-E19AA033B519}"
EndProject
Global
	GlobalSection(SolutionConfigurationPlatforms) = preSolution
		Debug|Any CPU = Debug|Any CPU
		Release|Any CPU = Release|Any CPU
	EndGlobalSection
	GlobalSection(ProjectConfigurationPlatforms) = postSolution
		{38655D5C-C855-4388-8FA8-6D42CD897CFA}.Debug|Any CPU.ActiveCfg = Debug|Any CPU
		{38655D5C-C855-4388-8FA8-6D42CD897CFA}.Debug|Any CPU.Build.0 = Debug|Any CPU
		{38655D5C-C855-4388-8FA8-6D42CD897CFA}.Release|Any CPU.ActiveCfg = Release|Any CPU
		{38655D5C-C855-4388-8FA8-6D42CD897CFA}.Release|Any CPU.Build.0 = Release|Any CPU
		{9CC06AC0-A629-46F8-A135-E19AA033B519}.Debug|Any CPU.ActiveCfg = Debug|Any CPU
		{9CC06AC0-A629-46F8-A135-E19AA033B519}.Debug|Any CPU.Build.0 = Debug|Any CPU
		{9CC06AC0-A629-46F8-A135-E19AA033B519}.Release|Any CPU.ActiveCfg = Release|Any CPU
		{9CC06AC0-A629-46F8-A135-E19AA033B519}.Release|Any CPU.Build.0 = Release|Any CPU
	EndGlobalSection
	GlobalSection(SolutionProperties) = preSolution
		HideSolutionNode = FALSE
	EndGlobalSection
	GlobalSection(ExtensibilityGlobals) = postSolution
		SolutionGuid = {04BD87D0-6B7D-45F4-99BA-A2DA97852BC1}
	EndGlobalSection
EndGlobal
